// !$*UTF8*$!
{
	archiveVersion = 1;
	classes = {
	};
	objectVersion = 48;
	objects = {

/* Begin PBXBuildFile section */
		0D010A4520C78DEA0083175C /* KFileManager.m in Sources */ = {isa = PBXBuildFile; fileRef = 0D010A4420C78DEA0083175C /* KFileManager.m */; };
		0D03885420D9F338000FFCBF /* KSaveHelper.m in Sources */ = {isa = PBXBuildFile; fileRef = 0D03885320D9F338000FFCBF /* KSaveHelper.m */; };
		0D03885820DA29E8000FFCBF /* UIButton+CountDown.m in Sources */ = {isa = PBXBuildFile; fileRef = 0D03885720DA29E8000FFCBF /* UIButton+CountDown.m */; };
		0D0487AA20EC9D6F005BFC65 /* BaseNavigationControllerStack.m in Sources */ = {isa = PBXBuildFile; fileRef = 0D0487A920EC9D6F005BFC65 /* BaseNavigationControllerStack.m */; };
		0D0487AF20ECA1EE005BFC65 /* BaseViewModelServiceImpl.m in Sources */ = {isa = PBXBuildFile; fileRef = 0D0487AE20ECA1EE005BFC65 /* BaseViewModelServiceImpl.m */; };
		0D0487B320ECB9FC005BFC65 /* TestSearchController.m in Sources */ = {isa = PBXBuildFile; fileRef = 0D0487B220ECB9FC005BFC65 /* TestSearchController.m */; };
		0D0487B620ECC1F9005BFC65 /* TestSearchController_1.m in Sources */ = {isa = PBXBuildFile; fileRef = 0D0487B520ECC1F9005BFC65 /* TestSearchController_1.m */; };
		0D04E77020BD0A8B0040C4AF /* NSString+base64.m in Sources */ = {isa = PBXBuildFile; fileRef = 0D04E76F20BD0A8B0040C4AF /* NSString+base64.m */; };
		0D04E77420BD0C870040C4AF /* UIFont+fontSize.m in Sources */ = {isa = PBXBuildFile; fileRef = 0D04E77320BD0C870040C4AF /* UIFont+fontSize.m */; };
		0D056D2420E4904B00953C86 /* BaseNavController.m in Sources */ = {isa = PBXBuildFile; fileRef = 0D056D2320E4904B00953C86 /* BaseNavController.m */; };
		0D056D2720E4C4DB00953C86 /* BaseTableViewModel.m in Sources */ = {isa = PBXBuildFile; fileRef = 0D056D2620E4C4DB00953C86 /* BaseTableViewModel.m */; };
		0D17F66720B7F5870082D67D /* NSString+MD5.m in Sources */ = {isa = PBXBuildFile; fileRef = 0D17F66620B7F5870082D67D /* NSString+MD5.m */; };
		0D17F66A20B7FC0E0082D67D /* NSString+Tools.m in Sources */ = {isa = PBXBuildFile; fileRef = 0D17F66920B7FC0E0082D67D /* NSString+Tools.m */; };
		0D17F66D20B804170082D67D /* NSString+Predicate.m in Sources */ = {isa = PBXBuildFile; fileRef = 0D17F66C20B804170082D67D /* NSString+Predicate.m */; };
		0D17F67020B807870082D67D /* NSString+Safe.m in Sources */ = {isa = PBXBuildFile; fileRef = 0D17F66F20B807870082D67D /* NSString+Safe.m */; };
		0D17F67320B808160082D67D /* NSString+DisplayTime.m in Sources */ = {isa = PBXBuildFile; fileRef = 0D17F67220B808160082D67D /* NSString+DisplayTime.m */; };
		0D17F67620B8091C0082D67D /* NSMutableString+Category.m in Sources */ = {isa = PBXBuildFile; fileRef = 0D17F67520B8091C0082D67D /* NSMutableString+Category.m */; };
		0D17F68220B80C0E0082D67D /* UIColor+Category.m in Sources */ = {isa = PBXBuildFile; fileRef = 0D17F68120B80C0E0082D67D /* UIColor+Category.m */; };
		0D17F68620B80DAD0082D67D /* UIView+Frame.m in Sources */ = {isa = PBXBuildFile; fileRef = 0D17F68520B80DAD0082D67D /* UIView+Frame.m */; };
		0D1959F020E9C798009237A9 /* MacrosConstant.m in Sources */ = {isa = PBXBuildFile; fileRef = 0D1959EF20E9C798009237A9 /* MacrosConstant.m */; };
		0D24275820E3342F0040FE23 /* BaseTableController.m in Sources */ = {isa = PBXBuildFile; fileRef = 0D24275720E3342F0040FE23 /* BaseTableController.m */; };
		0D24275B20E375E40040FE23 /* KRouter.m in Sources */ = {isa = PBXBuildFile; fileRef = 0D24275A20E375E40040FE23 /* KRouter.m */; };
		0D24275F20E376C20040FE23 /* BaseViewModel.m in Sources */ = {isa = PBXBuildFile; fileRef = 0D24275E20E376C20040FE23 /* BaseViewModel.m */; };
		0D53F40620E0D6DB00B07B50 /* UIImageView+LoadImg.m in Sources */ = {isa = PBXBuildFile; fileRef = 0D53F40520E0D6DB00B07B50 /* UIImageView+LoadImg.m */; };
		0D53F41120E0F58600B07B50 /* NSDateFormatter+Extension.m in Sources */ = {isa = PBXBuildFile; fileRef = 0D53F41020E0F58600B07B50 /* NSDateFormatter+Extension.m */; };
		0D53F41420E0FAAD00B07B50 /* UIImage+Tool.m in Sources */ = {isa = PBXBuildFile; fileRef = 0D53F41320E0FAAD00B07B50 /* UIImage+Tool.m */; };
		0DD0035F20E1D68B00CB6B5D /* UIBarButtonItem+Extension.m in Sources */ = {isa = PBXBuildFile; fileRef = 0DD0035E20E1D68B00CB6B5D /* UIBarButtonItem+Extension.m */; };
		0DD0036220E1EBBB00CB6B5D /* UIScrollView+Refresh.m in Sources */ = {isa = PBXBuildFile; fileRef = 0DD0036120E1EBBB00CB6B5D /* UIScrollView+Refresh.m */; };
		0DD0036520E210BF00CB6B5D /* UITableView+Extension.m in Sources */ = {isa = PBXBuildFile; fileRef = 0DD0036420E210BF00CB6B5D /* UITableView+Extension.m */; };
		0DD0036820E2130300CB6B5D /* UITextField+MaxLength.m in Sources */ = {isa = PBXBuildFile; fileRef = 0DD0036720E2130300CB6B5D /* UITextField+MaxLength.m */; };
		0DD0036C20E218BB00CB6B5D /* UITextView+MaxLength.m in Sources */ = {isa = PBXBuildFile; fileRef = 0DD0036B20E218BB00CB6B5D /* UITextView+MaxLength.m */; };
		0DD0037920E22FEE00CB6B5D /* tabbarBkg_5x49@2x.png in Resources */ = {isa = PBXBuildFile; fileRef = 0DD0037820E22FEE00CB6B5D /* tabbarBkg_5x49@2x.png */; };
		0DD0039120E2305A00CB6B5D /* BaseCollectionViewCell.m in Sources */ = {isa = PBXBuildFile; fileRef = 0DD0037D20E2305900CB6B5D /* BaseCollectionViewCell.m */; };
		0DD0039220E2305A00CB6B5D /* BaseViewController.m in Sources */ = {isa = PBXBuildFile; fileRef = 0DD0038220E2305900CB6B5D /* BaseViewController.m */; };
		0DD0039320E2305A00CB6B5D /* MBProgressHUD+Toast.m in Sources */ = {isa = PBXBuildFile; fileRef = 0DD0038520E2305900CB6B5D /* MBProgressHUD+Toast.m */; };
		0DD0039420E2305A00CB6B5D /* MBProgressHUD.m in Sources */ = {isa = PBXBuildFile; fileRef = 0DD0038720E2305900CB6B5D /* MBProgressHUD.m */; };
		0DD0039520E2305A00CB6B5D /* BaseTableViewCell.m in Sources */ = {isa = PBXBuildFile; fileRef = 0DD0038B20E2305A00CB6B5D /* BaseTableViewCell.m */; };
		0DD0039620E2305A00CB6B5D /* BaseTabBar.m in Sources */ = {isa = PBXBuildFile; fileRef = 0DD0038E20E2305A00CB6B5D /* BaseTabBar.m */; };
		0DD0039720E2305A00CB6B5D /* BaseTabBarController.m in Sources */ = {isa = PBXBuildFile; fileRef = 0DD0039020E2305A00CB6B5D /* BaseTabBarController.m */; };
		0DD0039B20E230C200CB6B5D /* BaseWebController.m in Sources */ = {isa = PBXBuildFile; fileRef = 0DD0039A20E230C200CB6B5D /* BaseWebController.m */; };
		0DD003A020E2337D00CB6B5D /* PlaceholderView.m in Sources */ = {isa = PBXBuildFile; fileRef = 0DD0039F20E2337D00CB6B5D /* PlaceholderView.m */; };
		0DD003B120E233B900CB6B5D /* BaseRequest.m in Sources */ = {isa = PBXBuildFile; fileRef = 0DD003A520E233B900CB6B5D /* BaseRequest.m */; };
		0DD003B220E233B900CB6B5D /* BaseUploadRequest.m in Sources */ = {isa = PBXBuildFile; fileRef = 0DD003A720E233B900CB6B5D /* BaseUploadRequest.m */; };
		0DD003B320E233B900CB6B5D /* BaseResponse.m in Sources */ = {isa = PBXBuildFile; fileRef = 0DD003A920E233B900CB6B5D /* BaseResponse.m */; };
		0DD003B420E233B900CB6B5D /* BaseUrlArgumentsFilter.m in Sources */ = {isa = PBXBuildFile; fileRef = 0DD003AB20E233B900CB6B5D /* BaseUrlArgumentsFilter.m */; };
		0DD003B520E233B900CB6B5D /* RACNetWork.m in Sources */ = {isa = PBXBuildFile; fileRef = 0DD003AE20E233B900CB6B5D /* RACNetWork.m */; };
		0DD003B620E233B900CB6B5D /* RequestTool.m in Sources */ = {isa = PBXBuildFile; fileRef = 0DD003B020E233B900CB6B5D /* RequestTool.m */; };
		0DD003BA20E241D600CB6B5D /* UIViewController+Toast.m in Sources */ = {isa = PBXBuildFile; fileRef = 0DD003B920E241D600CB6B5D /* UIViewController+Toast.m */; };
		0DEE546120CA942C00749A2C /* UIView+CurrentViewController.m in Sources */ = {isa = PBXBuildFile; fileRef = 0DEE546020CA942C00749A2C /* UIView+CurrentViewController.m */; };
		0DF4188020C93CFF004A8E11 /* UIImage+CompressImage.m in Sources */ = {isa = PBXBuildFile; fileRef = 0DF4187F20C93CFF004A8E11 /* UIImage+CompressImage.m */; };
		0DFABE3720A59B7300876945 /* AppDelegate.m in Sources */ = {isa = PBXBuildFile; fileRef = 0DFABE3620A59B7300876945 /* AppDelegate.m */; };
		0DFABE3A20A59B7300876945 /* ViewController.m in Sources */ = {isa = PBXBuildFile; fileRef = 0DFABE3920A59B7300876945 /* ViewController.m */; };
		0DFABE3D20A59B7300876945 /* Main.storyboard in Resources */ = {isa = PBXBuildFile; fileRef = 0DFABE3B20A59B7300876945 /* Main.storyboard */; };
		0DFABE3F20A59B7300876945 /* Assets.xcassets in Resources */ = {isa = PBXBuildFile; fileRef = 0DFABE3E20A59B7300876945 /* Assets.xcassets */; };
		0DFABE4220A59B7300876945 /* LaunchScreen.storyboard in Resources */ = {isa = PBXBuildFile; fileRef = 0DFABE4020A59B7300876945 /* LaunchScreen.storyboard */; };
		0DFABE4520A59B7300876945 /* main.m in Sources */ = {isa = PBXBuildFile; fileRef = 0DFABE4420A59B7300876945 /* main.m */; };
		B37BA84E1208E2716E7D567F /* libPods-DYLTool.a in Frameworks */ = {isa = PBXBuildFile; fileRef = C9FB24F52CB7A67865C7B9E3 /* libPods-DYLTool.a */; };
/* End PBXBuildFile section */

/* Begin PBXFileReference section */
		0D010A4320C78DEA0083175C /* KFileManager.h */ = {isa = PBXFileReference; lastKnownFileType = sourcecode.c.h; path = KFileManager.h; sourceTree = "<group>"; };
		0D010A4420C78DEA0083175C /* KFileManager.m */ = {isa = PBXFileReference; lastKnownFileType = sourcecode.c.objc; path = KFileManager.m; sourceTree = "<group>"; };
		0D010A4620C7BD4E0083175C /* MacrosCategory.h */ = {isa = PBXFileReference; lastKnownFileType = sourcecode.c.h; path = MacrosCategory.h; sourceTree = "<group>"; };
		0D03885220D9F338000FFCBF /* KSaveHelper.h */ = {isa = PBXFileReference; lastKnownFileType = sourcecode.c.h; path = KSaveHelper.h; sourceTree = "<group>"; };
		0D03885320D9F338000FFCBF /* KSaveHelper.m */ = {isa = PBXFileReference; lastKnownFileType = sourcecode.c.objc; path = KSaveHelper.m; sourceTree = "<group>"; };
		0D03885620DA29E8000FFCBF /* UIButton+CountDown.h */ = {isa = PBXFileReference; lastKnownFileType = sourcecode.c.h; path = "UIButton+CountDown.h"; sourceTree = "<group>"; };
		0D03885720DA29E8000FFCBF /* UIButton+CountDown.m */ = {isa = PBXFileReference; lastKnownFileType = sourcecode.c.objc; path = "UIButton+CountDown.m"; sourceTree = "<group>"; };
		0D0487A820EC9D6F005BFC65 /* BaseNavigationControllerStack.h */ = {isa = PBXFileReference; lastKnownFileType = sourcecode.c.h; path = BaseNavigationControllerStack.h; sourceTree = "<group>"; };
		0D0487A920EC9D6F005BFC65 /* BaseNavigationControllerStack.m */ = {isa = PBXFileReference; lastKnownFileType = sourcecode.c.objc; path = BaseNavigationControllerStack.m; sourceTree = "<group>"; };
		0D0487AC20EC9DF0005BFC65 /* BaseNavigationProtocol.h */ = {isa = PBXFileReference; lastKnownFileType = sourcecode.c.h; path = BaseNavigationProtocol.h; sourceTree = "<group>"; };
		0D0487AD20ECA1EE005BFC65 /* BaseViewModelServiceImpl.h */ = {isa = PBXFileReference; lastKnownFileType = sourcecode.c.h; path = BaseViewModelServiceImpl.h; sourceTree = "<group>"; };
		0D0487AE20ECA1EE005BFC65 /* BaseViewModelServiceImpl.m */ = {isa = PBXFileReference; lastKnownFileType = sourcecode.c.objc; path = BaseViewModelServiceImpl.m; sourceTree = "<group>"; };
		0D0487B020ECA313005BFC65 /* BaseViewModelServices.h */ = {isa = PBXFileReference; lastKnownFileType = sourcecode.c.h; path = BaseViewModelServices.h; sourceTree = "<group>"; };
		0D0487B120ECB9FC005BFC65 /* TestSearchController.h */ = {isa = PBXFileReference; lastKnownFileType = sourcecode.c.h; path = TestSearchController.h; sourceTree = "<group>"; };
		0D0487B220ECB9FC005BFC65 /* TestSearchController.m */ = {isa = PBXFileReference; lastKnownFileType = sourcecode.c.objc; path = TestSearchController.m; sourceTree = "<group>"; };
		0D0487B420ECC1F9005BFC65 /* TestSearchController_1.h */ = {isa = PBXFileReference; lastKnownFileType = sourcecode.c.h; path = TestSearchController_1.h; sourceTree = "<group>"; };
		0D0487B520ECC1F9005BFC65 /* TestSearchController_1.m */ = {isa = PBXFileReference; lastKnownFileType = sourcecode.c.objc; path = TestSearchController_1.m; sourceTree = "<group>"; };
		0D04E76E20BD0A8B0040C4AF /* NSString+base64.h */ = {isa = PBXFileReference; lastKnownFileType = sourcecode.c.h; path = "NSString+base64.h"; sourceTree = "<group>"; };
		0D04E76F20BD0A8B0040C4AF /* NSString+base64.m */ = {isa = PBXFileReference; lastKnownFileType = sourcecode.c.objc; path = "NSString+base64.m"; sourceTree = "<group>"; };
		0D04E77220BD0C870040C4AF /* UIFont+fontSize.h */ = {isa = PBXFileReference; lastKnownFileType = sourcecode.c.h; path = "UIFont+fontSize.h"; sourceTree = "<group>"; };
		0D04E77320BD0C870040C4AF /* UIFont+fontSize.m */ = {isa = PBXFileReference; lastKnownFileType = sourcecode.c.objc; path = "UIFont+fontSize.m"; sourceTree = "<group>"; };
		0D056D2220E4904B00953C86 /* BaseNavController.h */ = {isa = PBXFileReference; lastKnownFileType = sourcecode.c.h; path = BaseNavController.h; sourceTree = "<group>"; };
		0D056D2320E4904B00953C86 /* BaseNavController.m */ = {isa = PBXFileReference; lastKnownFileType = sourcecode.c.objc; path = BaseNavController.m; sourceTree = "<group>"; };
		0D056D2520E4C4DB00953C86 /* BaseTableViewModel.h */ = {isa = PBXFileReference; lastKnownFileType = sourcecode.c.h; path = BaseTableViewModel.h; sourceTree = "<group>"; };
		0D056D2620E4C4DB00953C86 /* BaseTableViewModel.m */ = {isa = PBXFileReference; lastKnownFileType = sourcecode.c.objc; path = BaseTableViewModel.m; sourceTree = "<group>"; };
		0D0B67CD20CFB6150008C4EE /* MacrosTools.h */ = {isa = PBXFileReference; lastKnownFileType = sourcecode.c.h; path = MacrosTools.h; sourceTree = "<group>"; };
		0D17F66520B7F5870082D67D /* NSString+MD5.h */ = {isa = PBXFileReference; lastKnownFileType = sourcecode.c.h; path = "NSString+MD5.h"; sourceTree = "<group>"; };
		0D17F66620B7F5870082D67D /* NSString+MD5.m */ = {isa = PBXFileReference; lastKnownFileType = sourcecode.c.objc; path = "NSString+MD5.m"; sourceTree = "<group>"; };
		0D17F66820B7FC0E0082D67D /* NSString+Tools.h */ = {isa = PBXFileReference; lastKnownFileType = sourcecode.c.h; path = "NSString+Tools.h"; sourceTree = "<group>"; };
		0D17F66920B7FC0E0082D67D /* NSString+Tools.m */ = {isa = PBXFileReference; lastKnownFileType = sourcecode.c.objc; path = "NSString+Tools.m"; sourceTree = "<group>"; };
		0D17F66B20B804170082D67D /* NSString+Predicate.h */ = {isa = PBXFileReference; lastKnownFileType = sourcecode.c.h; path = "NSString+Predicate.h"; sourceTree = "<group>"; };
		0D17F66C20B804170082D67D /* NSString+Predicate.m */ = {isa = PBXFileReference; lastKnownFileType = sourcecode.c.objc; path = "NSString+Predicate.m"; sourceTree = "<group>"; };
		0D17F66E20B807870082D67D /* NSString+Safe.h */ = {isa = PBXFileReference; lastKnownFileType = sourcecode.c.h; path = "NSString+Safe.h"; sourceTree = "<group>"; };
		0D17F66F20B807870082D67D /* NSString+Safe.m */ = {isa = PBXFileReference; lastKnownFileType = sourcecode.c.objc; path = "NSString+Safe.m"; sourceTree = "<group>"; };
		0D17F67120B808160082D67D /* NSString+DisplayTime.h */ = {isa = PBXFileReference; lastKnownFileType = sourcecode.c.h; path = "NSString+DisplayTime.h"; sourceTree = "<group>"; };
		0D17F67220B808160082D67D /* NSString+DisplayTime.m */ = {isa = PBXFileReference; lastKnownFileType = sourcecode.c.objc; path = "NSString+DisplayTime.m"; sourceTree = "<group>"; };
		0D17F67420B8091C0082D67D /* NSMutableString+Category.h */ = {isa = PBXFileReference; lastKnownFileType = sourcecode.c.h; path = "NSMutableString+Category.h"; sourceTree = "<group>"; };
		0D17F67520B8091C0082D67D /* NSMutableString+Category.m */ = {isa = PBXFileReference; lastKnownFileType = sourcecode.c.objc; path = "NSMutableString+Category.m"; sourceTree = "<group>"; };
		0D17F68020B80C0D0082D67D /* UIColor+Category.h */ = {isa = PBXFileReference; lastKnownFileType = sourcecode.c.h; path = "UIColor+Category.h"; sourceTree = "<group>"; };
		0D17F68120B80C0E0082D67D /* UIColor+Category.m */ = {isa = PBXFileReference; lastKnownFileType = sourcecode.c.objc; path = "UIColor+Category.m"; sourceTree = "<group>"; };
		0D17F68420B80DAD0082D67D /* UIView+Frame.h */ = {isa = PBXFileReference; lastKnownFileType = sourcecode.c.h; path = "UIView+Frame.h"; sourceTree = "<group>"; };
		0D17F68520B80DAD0082D67D /* UIView+Frame.m */ = {isa = PBXFileReference; lastKnownFileType = sourcecode.c.objc; path = "UIView+Frame.m"; sourceTree = "<group>"; };
		0D1959EE20E9C798009237A9 /* MacrosConstant.h */ = {isa = PBXFileReference; lastKnownFileType = sourcecode.c.h; path = MacrosConstant.h; sourceTree = "<group>"; };
		0D1959EF20E9C798009237A9 /* MacrosConstant.m */ = {isa = PBXFileReference; lastKnownFileType = sourcecode.c.objc; path = MacrosConstant.m; sourceTree = "<group>"; };
		0D227DC820EB0F860053ADDC /* MacrosSingleton.h */ = {isa = PBXFileReference; lastKnownFileType = sourcecode.c.h; path = MacrosSingleton.h; sourceTree = "<group>"; };
		0D24275620E3342F0040FE23 /* BaseTableController.h */ = {isa = PBXFileReference; lastKnownFileType = sourcecode.c.h; path = BaseTableController.h; sourceTree = "<group>"; };
		0D24275720E3342F0040FE23 /* BaseTableController.m */ = {isa = PBXFileReference; lastKnownFileType = sourcecode.c.objc; path = BaseTableController.m; sourceTree = "<group>"; };
		0D24275920E375E40040FE23 /* KRouter.h */ = {isa = PBXFileReference; lastKnownFileType = sourcecode.c.h; path = KRouter.h; sourceTree = "<group>"; };
		0D24275A20E375E40040FE23 /* KRouter.m */ = {isa = PBXFileReference; lastKnownFileType = sourcecode.c.objc; path = KRouter.m; sourceTree = "<group>"; };
		0D24275D20E376C20040FE23 /* BaseViewModel.h */ = {isa = PBXFileReference; lastKnownFileType = sourcecode.c.h; path = BaseViewModel.h; sourceTree = "<group>"; };
		0D24275E20E376C20040FE23 /* BaseViewModel.m */ = {isa = PBXFileReference; lastKnownFileType = sourcecode.c.objc; path = BaseViewModel.m; sourceTree = "<group>"; };
		0D53F40420E0D6DB00B07B50 /* UIImageView+LoadImg.h */ = {isa = PBXFileReference; lastKnownFileType = sourcecode.c.h; path = "UIImageView+LoadImg.h"; sourceTree = "<group>"; };
		0D53F40520E0D6DB00B07B50 /* UIImageView+LoadImg.m */ = {isa = PBXFileReference; lastKnownFileType = sourcecode.c.objc; path = "UIImageView+LoadImg.m"; sourceTree = "<group>"; };
		0D53F40F20E0F58600B07B50 /* NSDateFormatter+Extension.h */ = {isa = PBXFileReference; lastKnownFileType = sourcecode.c.h; path = "NSDateFormatter+Extension.h"; sourceTree = "<group>"; };
		0D53F41020E0F58600B07B50 /* NSDateFormatter+Extension.m */ = {isa = PBXFileReference; lastKnownFileType = sourcecode.c.objc; path = "NSDateFormatter+Extension.m"; sourceTree = "<group>"; };
		0D53F41220E0FAAD00B07B50 /* UIImage+Tool.h */ = {isa = PBXFileReference; lastKnownFileType = sourcecode.c.h; path = "UIImage+Tool.h"; sourceTree = "<group>"; };
		0D53F41320E0FAAD00B07B50 /* UIImage+Tool.m */ = {isa = PBXFileReference; lastKnownFileType = sourcecode.c.objc; path = "UIImage+Tool.m"; sourceTree = "<group>"; };
		0DD0035D20E1D68B00CB6B5D /* UIBarButtonItem+Extension.h */ = {isa = PBXFileReference; lastKnownFileType = sourcecode.c.h; path = "UIBarButtonItem+Extension.h"; sourceTree = "<group>"; };
		0DD0035E20E1D68B00CB6B5D /* UIBarButtonItem+Extension.m */ = {isa = PBXFileReference; lastKnownFileType = sourcecode.c.objc; path = "UIBarButtonItem+Extension.m"; sourceTree = "<group>"; };
		0DD0036020E1EBBB00CB6B5D /* UIScrollView+Refresh.h */ = {isa = PBXFileReference; lastKnownFileType = sourcecode.c.h; path = "UIScrollView+Refresh.h"; sourceTree = "<group>"; };
		0DD0036120E1EBBB00CB6B5D /* UIScrollView+Refresh.m */ = {isa = PBXFileReference; lastKnownFileType = sourcecode.c.objc; path = "UIScrollView+Refresh.m"; sourceTree = "<group>"; };
		0DD0036320E210BF00CB6B5D /* UITableView+Extension.h */ = {isa = PBXFileReference; lastKnownFileType = sourcecode.c.h; path = "UITableView+Extension.h"; sourceTree = "<group>"; };
		0DD0036420E210BF00CB6B5D /* UITableView+Extension.m */ = {isa = PBXFileReference; lastKnownFileType = sourcecode.c.objc; path = "UITableView+Extension.m"; sourceTree = "<group>"; };
		0DD0036620E2130300CB6B5D /* UITextField+MaxLength.h */ = {isa = PBXFileReference; lastKnownFileType = sourcecode.c.h; path = "UITextField+MaxLength.h"; sourceTree = "<group>"; };
		0DD0036720E2130300CB6B5D /* UITextField+MaxLength.m */ = {isa = PBXFileReference; lastKnownFileType = sourcecode.c.objc; path = "UITextField+MaxLength.m"; sourceTree = "<group>"; };
		0DD0036920E2166A00CB6B5D /* MacrosHeader.h */ = {isa = PBXFileReference; lastKnownFileType = sourcecode.c.h; path = MacrosHeader.h; sourceTree = "<group>"; };
		0DD0036A20E218BB00CB6B5D /* UITextView+MaxLength.h */ = {isa = PBXFileReference; lastKnownFileType = sourcecode.c.h; path = "UITextView+MaxLength.h"; sourceTree = "<group>"; };
		0DD0036B20E218BB00CB6B5D /* UITextView+MaxLength.m */ = {isa = PBXFileReference; lastKnownFileType = sourcecode.c.objc; path = "UITextView+MaxLength.m"; sourceTree = "<group>"; };
		0DD0037820E22FEE00CB6B5D /* tabbarBkg_5x49@2x.png */ = {isa = PBXFileReference; lastKnownFileType = image.png; path = "tabbarBkg_5x49@2x.png"; sourceTree = "<group>"; };
		0DD0037C20E2305900CB6B5D /* BaseCollectionViewCell.h */ = {isa = PBXFileReference; fileEncoding = 4; lastKnownFileType = sourcecode.c.h; path = BaseCollectionViewCell.h; sourceTree = "<group>"; };
		0DD0037D20E2305900CB6B5D /* BaseCollectionViewCell.m */ = {isa = PBXFileReference; fileEncoding = 4; lastKnownFileType = sourcecode.c.objc; path = BaseCollectionViewCell.m; sourceTree = "<group>"; };
		0DD0037E20E2305900CB6B5D /* BaseCollectionViewProtocol.h */ = {isa = PBXFileReference; fileEncoding = 4; lastKnownFileType = sourcecode.c.h; path = BaseCollectionViewProtocol.h; sourceTree = "<group>"; };
		0DD0038020E2305900CB6B5D /* BaseControllerProtocol.h */ = {isa = PBXFileReference; fileEncoding = 4; lastKnownFileType = sourcecode.c.h; path = BaseControllerProtocol.h; sourceTree = "<group>"; };
		0DD0038120E2305900CB6B5D /* BaseViewController.h */ = {isa = PBXFileReference; fileEncoding = 4; lastKnownFileType = sourcecode.c.h; path = BaseViewController.h; sourceTree = "<group>"; };
		0DD0038220E2305900CB6B5D /* BaseViewController.m */ = {isa = PBXFileReference; fileEncoding = 4; lastKnownFileType = sourcecode.c.objc; path = BaseViewController.m; sourceTree = "<group>"; };
		0DD0038420E2305900CB6B5D /* MBProgressHUD+Toast.h */ = {isa = PBXFileReference; fileEncoding = 4; lastKnownFileType = sourcecode.c.h; path = "MBProgressHUD+Toast.h"; sourceTree = "<group>"; };
		0DD0038520E2305900CB6B5D /* MBProgressHUD+Toast.m */ = {isa = PBXFileReference; fileEncoding = 4; lastKnownFileType = sourcecode.c.objc; path = "MBProgressHUD+Toast.m"; sourceTree = "<group>"; };
		0DD0038620E2305900CB6B5D /* MBProgressHUD.h */ = {isa = PBXFileReference; fileEncoding = 4; lastKnownFileType = sourcecode.c.h; path = MBProgressHUD.h; sourceTree = "<group>"; };
		0DD0038720E2305900CB6B5D /* MBProgressHUD.m */ = {isa = PBXFileReference; fileEncoding = 4; lastKnownFileType = sourcecode.c.objc; path = MBProgressHUD.m; sourceTree = "<group>"; };
		0DD0038920E2305A00CB6B5D /* BaseTableCellProtocol.h */ = {isa = PBXFileReference; fileEncoding = 4; lastKnownFileType = sourcecode.c.h; path = BaseTableCellProtocol.h; sourceTree = "<group>"; };
		0DD0038A20E2305A00CB6B5D /* BaseTableViewCell.h */ = {isa = PBXFileReference; fileEncoding = 4; lastKnownFileType = sourcecode.c.h; path = BaseTableViewCell.h; sourceTree = "<group>"; };
		0DD0038B20E2305A00CB6B5D /* BaseTableViewCell.m */ = {isa = PBXFileReference; fileEncoding = 4; lastKnownFileType = sourcecode.c.objc; path = BaseTableViewCell.m; sourceTree = "<group>"; };
		0DD0038D20E2305A00CB6B5D /* BaseTabBar.h */ = {isa = PBXFileReference; fileEncoding = 4; lastKnownFileType = sourcecode.c.h; path = BaseTabBar.h; sourceTree = "<group>"; };
		0DD0038E20E2305A00CB6B5D /* BaseTabBar.m */ = {isa = PBXFileReference; fileEncoding = 4; lastKnownFileType = sourcecode.c.objc; path = BaseTabBar.m; sourceTree = "<group>"; };
		0DD0038F20E2305A00CB6B5D /* BaseTabBarController.h */ = {isa = PBXFileReference; fileEncoding = 4; lastKnownFileType = sourcecode.c.h; path = BaseTabBarController.h; sourceTree = "<group>"; };
		0DD0039020E2305A00CB6B5D /* BaseTabBarController.m */ = {isa = PBXFileReference; fileEncoding = 4; lastKnownFileType = sourcecode.c.objc; path = BaseTabBarController.m; sourceTree = "<group>"; };
		0DD0039920E230C200CB6B5D /* BaseWebController.h */ = {isa = PBXFileReference; fileEncoding = 4; lastKnownFileType = sourcecode.c.h; path = BaseWebController.h; sourceTree = "<group>"; };
		0DD0039A20E230C200CB6B5D /* BaseWebController.m */ = {isa = PBXFileReference; fileEncoding = 4; lastKnownFileType = sourcecode.c.objc; path = BaseWebController.m; sourceTree = "<group>"; };
		0DD0039E20E2337C00CB6B5D /* PlaceholderView.h */ = {isa = PBXFileReference; fileEncoding = 4; lastKnownFileType = sourcecode.c.h; path = PlaceholderView.h; sourceTree = "<group>"; };
		0DD0039F20E2337D00CB6B5D /* PlaceholderView.m */ = {isa = PBXFileReference; fileEncoding = 4; lastKnownFileType = sourcecode.c.objc; path = PlaceholderView.m; sourceTree = "<group>"; };
		0DD003A420E233B900CB6B5D /* BaseRequest.h */ = {isa = PBXFileReference; fileEncoding = 4; lastKnownFileType = sourcecode.c.h; path = BaseRequest.h; sourceTree = "<group>"; };
		0DD003A520E233B900CB6B5D /* BaseRequest.m */ = {isa = PBXFileReference; fileEncoding = 4; lastKnownFileType = sourcecode.c.objc; path = BaseRequest.m; sourceTree = "<group>"; };
		0DD003A620E233B900CB6B5D /* BaseUploadRequest.h */ = {isa = PBXFileReference; fileEncoding = 4; lastKnownFileType = sourcecode.c.h; path = BaseUploadRequest.h; sourceTree = "<group>"; };
		0DD003A720E233B900CB6B5D /* BaseUploadRequest.m */ = {isa = PBXFileReference; fileEncoding = 4; lastKnownFileType = sourcecode.c.objc; path = BaseUploadRequest.m; sourceTree = "<group>"; };
		0DD003A820E233B900CB6B5D /* BaseResponse.h */ = {isa = PBXFileReference; fileEncoding = 4; lastKnownFileType = sourcecode.c.h; path = BaseResponse.h; sourceTree = "<group>"; };
		0DD003A920E233B900CB6B5D /* BaseResponse.m */ = {isa = PBXFileReference; fileEncoding = 4; lastKnownFileType = sourcecode.c.objc; path = BaseResponse.m; sourceTree = "<group>"; };
		0DD003AA20E233B900CB6B5D /* BaseUrlArgumentsFilter.h */ = {isa = PBXFileReference; fileEncoding = 4; lastKnownFileType = sourcecode.c.h; path = BaseUrlArgumentsFilter.h; sourceTree = "<group>"; };
		0DD003AB20E233B900CB6B5D /* BaseUrlArgumentsFilter.m */ = {isa = PBXFileReference; fileEncoding = 4; lastKnownFileType = sourcecode.c.objc; path = BaseUrlArgumentsFilter.m; sourceTree = "<group>"; };
		0DD003AC20E233B900CB6B5D /* MacrosNetWork.h */ = {isa = PBXFileReference; fileEncoding = 4; lastKnownFileType = sourcecode.c.h; path = MacrosNetWork.h; sourceTree = "<group>"; };
		0DD003AD20E233B900CB6B5D /* RACNetWork.h */ = {isa = PBXFileReference; fileEncoding = 4; lastKnownFileType = sourcecode.c.h; path = RACNetWork.h; sourceTree = "<group>"; };
		0DD003AE20E233B900CB6B5D /* RACNetWork.m */ = {isa = PBXFileReference; fileEncoding = 4; lastKnownFileType = sourcecode.c.objc; path = RACNetWork.m; sourceTree = "<group>"; };
		0DD003AF20E233B900CB6B5D /* RequestTool.h */ = {isa = PBXFileReference; fileEncoding = 4; lastKnownFileType = sourcecode.c.h; path = RequestTool.h; sourceTree = "<group>"; };
		0DD003B020E233B900CB6B5D /* RequestTool.m */ = {isa = PBXFileReference; fileEncoding = 4; lastKnownFileType = sourcecode.c.objc; path = RequestTool.m; sourceTree = "<group>"; };
		0DD003B820E241D600CB6B5D /* UIViewController+Toast.h */ = {isa = PBXFileReference; lastKnownFileType = sourcecode.c.h; path = "UIViewController+Toast.h"; sourceTree = "<group>"; };
		0DD003B920E241D600CB6B5D /* UIViewController+Toast.m */ = {isa = PBXFileReference; lastKnownFileType = sourcecode.c.objc; path = "UIViewController+Toast.m"; sourceTree = "<group>"; };
		0DEE545F20CA942C00749A2C /* UIView+CurrentViewController.h */ = {isa = PBXFileReference; lastKnownFileType = sourcecode.c.h; path = "UIView+CurrentViewController.h"; sourceTree = "<group>"; };
		0DEE546020CA942C00749A2C /* UIView+CurrentViewController.m */ = {isa = PBXFileReference; lastKnownFileType = sourcecode.c.objc; path = "UIView+CurrentViewController.m"; sourceTree = "<group>"; };
		0DF4187E20C93CFF004A8E11 /* UIImage+CompressImage.h */ = {isa = PBXFileReference; lastKnownFileType = sourcecode.c.h; path = "UIImage+CompressImage.h"; sourceTree = "<group>"; };
		0DF4187F20C93CFF004A8E11 /* UIImage+CompressImage.m */ = {isa = PBXFileReference; lastKnownFileType = sourcecode.c.objc; path = "UIImage+CompressImage.m"; sourceTree = "<group>"; };
		0DFABE3220A59B7300876945 /* DYLTool.app */ = {isa = PBXFileReference; explicitFileType = wrapper.application; includeInIndex = 0; path = DYLTool.app; sourceTree = BUILT_PRODUCTS_DIR; };
		0DFABE3520A59B7300876945 /* AppDelegate.h */ = {isa = PBXFileReference; lastKnownFileType = sourcecode.c.h; path = AppDelegate.h; sourceTree = "<group>"; };
		0DFABE3620A59B7300876945 /* AppDelegate.m */ = {isa = PBXFileReference; lastKnownFileType = sourcecode.c.objc; path = AppDelegate.m; sourceTree = "<group>"; };
		0DFABE3820A59B7300876945 /* ViewController.h */ = {isa = PBXFileReference; lastKnownFileType = sourcecode.c.h; path = ViewController.h; sourceTree = "<group>"; };
		0DFABE3920A59B7300876945 /* ViewController.m */ = {isa = PBXFileReference; lastKnownFileType = sourcecode.c.objc; path = ViewController.m; sourceTree = "<group>"; };
		0DFABE3C20A59B7300876945 /* Base */ = {isa = PBXFileReference; lastKnownFileType = file.storyboard; name = Base; path = Base.lproj/Main.storyboard; sourceTree = "<group>"; };
		0DFABE3E20A59B7300876945 /* Assets.xcassets */ = {isa = PBXFileReference; lastKnownFileType = folder.assetcatalog; path = Assets.xcassets; sourceTree = "<group>"; };
		0DFABE4120A59B7300876945 /* Base */ = {isa = PBXFileReference; lastKnownFileType = file.storyboard; name = Base; path = Base.lproj/LaunchScreen.storyboard; sourceTree = "<group>"; };
		0DFABE4320A59B7300876945 /* Info.plist */ = {isa = PBXFileReference; lastKnownFileType = text.plist.xml; path = Info.plist; sourceTree = "<group>"; };
		0DFABE4420A59B7300876945 /* main.m */ = {isa = PBXFileReference; lastKnownFileType = sourcecode.c.objc; path = main.m; sourceTree = "<group>"; };
		450A9B9C6ABBACBDAA863695 /* Pods-DYLTool.debug.xcconfig */ = {isa = PBXFileReference; includeInIndex = 1; lastKnownFileType = text.xcconfig; name = "Pods-DYLTool.debug.xcconfig"; path = "Pods/Target Support Files/Pods-DYLTool/Pods-DYLTool.debug.xcconfig"; sourceTree = "<group>"; };
		4C630DF1747E7739795873CB /* Pods-DYLTool.release.xcconfig */ = {isa = PBXFileReference; includeInIndex = 1; lastKnownFileType = text.xcconfig; name = "Pods-DYLTool.release.xcconfig"; path = "Pods/Target Support Files/Pods-DYLTool/Pods-DYLTool.release.xcconfig"; sourceTree = "<group>"; };
		C82D9C664C9AAA1667BE661A /* libPods-NetWorkTool.a */ = {isa = PBXFileReference; explicitFileType = archive.ar; includeInIndex = 0; path = "libPods-NetWorkTool.a"; sourceTree = BUILT_PRODUCTS_DIR; };
		C9FB24F52CB7A67865C7B9E3 /* libPods-DYLTool.a */ = {isa = PBXFileReference; explicitFileType = archive.ar; includeInIndex = 0; path = "libPods-DYLTool.a"; sourceTree = BUILT_PRODUCTS_DIR; };
/* End PBXFileReference section */

/* Begin PBXFrameworksBuildPhase section */
		0DFABE2F20A59B7300876945 /* Frameworks */ = {
			isa = PBXFrameworksBuildPhase;
			buildActionMask = 2147483647;
			files = (
				B37BA84E1208E2716E7D567F /* libPods-DYLTool.a in Frameworks */,
			);
			runOnlyForDeploymentPostprocessing = 0;
		};
/* End PBXFrameworksBuildPhase section */

/* Begin PBXGroup section */
		0D010A4220C78D670083175C /* Utils */ = {
			isa = PBXGroup;
			children = (
				0D010A4320C78DEA0083175C /* KFileManager.h */,
				0D010A4420C78DEA0083175C /* KFileManager.m */,
				0D03885220D9F338000FFCBF /* KSaveHelper.h */,
				0D03885320D9F338000FFCBF /* KSaveHelper.m */,
				0D24275920E375E40040FE23 /* KRouter.h */,
				0D24275A20E375E40040FE23 /* KRouter.m */,
			);
			path = Utils;
			sourceTree = "<group>";
		};
		0D03885520DA2989000FFCBF /* UIButton_Category */ = {
			isa = PBXGroup;
			children = (
				0D03885620DA29E8000FFCBF /* UIButton+CountDown.h */,
				0D03885720DA29E8000FFCBF /* UIButton+CountDown.m */,
			);
			path = UIButton_Category;
			sourceTree = "<group>";
		};
		0D04E77120BD0C690040C4AF /* UIFont_Category */ = {
			isa = PBXGroup;
			children = (
				0D04E77220BD0C870040C4AF /* UIFont+fontSize.h */,
				0D04E77320BD0C870040C4AF /* UIFont+fontSize.m */,
			);
			path = UIFont_Category;
			sourceTree = "<group>";
		};
		0D056D2020E48FEB00953C86 /* BaseView */ = {
			isa = PBXGroup;
			children = (
				0DD0038820E2305A00CB6B5D /* BaseTableCell */,
				0DD0037B20E2305900CB6B5D /* BaseCollectionViewCell */,
			);
			path = BaseView;
			sourceTree = "<group>";
		};
		0D056D2120E4902600953C86 /* BaseNavController */ = {
			isa = PBXGroup;
			children = (
				0D056D2220E4904B00953C86 /* BaseNavController.h */,
				0D056D2320E4904B00953C86 /* BaseNavController.m */,
				0D0487A820EC9D6F005BFC65 /* BaseNavigationControllerStack.h */,
				0D0487A920EC9D6F005BFC65 /* BaseNavigationControllerStack.m */,
				0D0487AC20EC9DF0005BFC65 /* BaseNavigationProtocol.h */,
			);
			path = BaseNavController;
			sourceTree = "<group>";
		};
		0D0B67CB20CFB5E70008C4EE /* Macros */ = {
			isa = PBXGroup;
			children = (
				0D010A4620C7BD4E0083175C /* MacrosCategory.h */,
				0D0B67CD20CFB6150008C4EE /* MacrosTools.h */,
				0DD0036920E2166A00CB6B5D /* MacrosHeader.h */,
				0D1959EE20E9C798009237A9 /* MacrosConstant.h */,
				0D1959EF20E9C798009237A9 /* MacrosConstant.m */,
				0D227DC820EB0F860053ADDC /* MacrosSingleton.h */,
			);
			path = Macros;
			sourceTree = "<group>";
		};
		0D17F66420B7F5000082D67D /* NSString_Category */ = {
			isa = PBXGroup;
			children = (
				0D17F66520B7F5870082D67D /* NSString+MD5.h */,
				0D17F66620B7F5870082D67D /* NSString+MD5.m */,
				0D17F66820B7FC0E0082D67D /* NSString+Tools.h */,
				0D17F66920B7FC0E0082D67D /* NSString+Tools.m */,
				0D17F66B20B804170082D67D /* NSString+Predicate.h */,
				0D17F66C20B804170082D67D /* NSString+Predicate.m */,
				0D17F66E20B807870082D67D /* NSString+Safe.h */,
				0D17F66F20B807870082D67D /* NSString+Safe.m */,
				0D17F67120B808160082D67D /* NSString+DisplayTime.h */,
				0D17F67220B808160082D67D /* NSString+DisplayTime.m */,
				0D17F67420B8091C0082D67D /* NSMutableString+Category.h */,
				0D17F67520B8091C0082D67D /* NSMutableString+Category.m */,
				0D04E76E20BD0A8B0040C4AF /* NSString+base64.h */,
				0D04E76F20BD0A8B0040C4AF /* NSString+base64.m */,
			);
			path = NSString_Category;
			sourceTree = "<group>";
		};
		0D17F67F20B80BF80082D67D /* UIColor_Category */ = {
			isa = PBXGroup;
			children = (
				0D17F68020B80C0D0082D67D /* UIColor+Category.h */,
				0D17F68120B80C0E0082D67D /* UIColor+Category.m */,
			);
			path = UIColor_Category;
			sourceTree = "<group>";
		};
		0D17F68320B80D990082D67D /* UIView_Category */ = {
			isa = PBXGroup;
			children = (
				0D17F68420B80DAD0082D67D /* UIView+Frame.h */,
				0D17F68520B80DAD0082D67D /* UIView+Frame.m */,
				0DEE545F20CA942C00749A2C /* UIView+CurrentViewController.h */,
				0DEE546020CA942C00749A2C /* UIView+CurrentViewController.m */,
				0D53F40420E0D6DB00B07B50 /* UIImageView+LoadImg.h */,
				0D53F40520E0D6DB00B07B50 /* UIImageView+LoadImg.m */,
				0DD0035D20E1D68B00CB6B5D /* UIBarButtonItem+Extension.h */,
				0DD0035E20E1D68B00CB6B5D /* UIBarButtonItem+Extension.m */,
				0DD0036020E1EBBB00CB6B5D /* UIScrollView+Refresh.h */,
				0DD0036120E1EBBB00CB6B5D /* UIScrollView+Refresh.m */,
				0DD0036320E210BF00CB6B5D /* UITableView+Extension.h */,
				0DD0036420E210BF00CB6B5D /* UITableView+Extension.m */,
				0DD0036620E2130300CB6B5D /* UITextField+MaxLength.h */,
				0DD0036720E2130300CB6B5D /* UITextField+MaxLength.m */,
				0DD0036A20E218BB00CB6B5D /* UITextView+MaxLength.h */,
				0DD0036B20E218BB00CB6B5D /* UITextView+MaxLength.m */,
			);
			path = UIView_Category;
			sourceTree = "<group>";
		};
		0D24275C20E376B30040FE23 /* BaseViewModel */ = {
			isa = PBXGroup;
			children = (
				0D24275D20E376C20040FE23 /* BaseViewModel.h */,
				0D24275E20E376C20040FE23 /* BaseViewModel.m */,
				0D056D2520E4C4DB00953C86 /* BaseTableViewModel.h */,
				0D056D2620E4C4DB00953C86 /* BaseTableViewModel.m */,
				0D0487AD20ECA1EE005BFC65 /* BaseViewModelServiceImpl.h */,
				0D0487AE20ECA1EE005BFC65 /* BaseViewModelServiceImpl.m */,
				0D0487B020ECA313005BFC65 /* BaseViewModelServices.h */,
			);
			path = BaseViewModel;
			sourceTree = "<group>";
		};
		0D53F40E20E0F4C900B07B50 /* NSDate_Category */ = {
			isa = PBXGroup;
			children = (
				0D53F40F20E0F58600B07B50 /* NSDateFormatter+Extension.h */,
				0D53F41020E0F58600B07B50 /* NSDateFormatter+Extension.m */,
			);
			path = NSDate_Category;
			sourceTree = "<group>";
		};
		0DD0037520E22F8B00CB6B5D /* Categoty */ = {
			isa = PBXGroup;
			children = (
				0DD003B720E241B500CB6B5D /* ViewController_Category */,
				0D17F66420B7F5000082D67D /* NSString_Category */,
				0D17F67F20B80BF80082D67D /* UIColor_Category */,
				0D17F68320B80D990082D67D /* UIView_Category */,
				0D04E77120BD0C690040C4AF /* UIFont_Category */,
				0DF4187A20C93CC9004A8E11 /* UIImage_Category */,
				0D03885520DA2989000FFCBF /* UIButton_Category */,
				0D53F40E20E0F4C900B07B50 /* NSDate_Category */,
			);
			path = Categoty;
			sourceTree = "<group>";
		};
		0DD0037620E22FCA00CB6B5D /* Resource */ = {
			isa = PBXGroup;
			children = (
				0DD0037720E22FD300CB6B5D /* img */,
			);
			path = Resource;
			sourceTree = "<group>";
		};
		0DD0037720E22FD300CB6B5D /* img */ = {
			isa = PBXGroup;
			children = (
				0DD0037820E22FEE00CB6B5D /* tabbarBkg_5x49@2x.png */,
			);
			path = img;
			sourceTree = "<group>";
		};
		0DD0037A20E2301000CB6B5D /* Base */ = {
			isa = PBXGroup;
			children = (
				0D056D2020E48FEB00953C86 /* BaseView */,
				0D24275C20E376B30040FE23 /* BaseViewModel */,
				0DD0037F20E2305900CB6B5D /* BaseController */,
			);
			path = Base;
			sourceTree = "<group>";
		};
		0DD0037B20E2305900CB6B5D /* BaseCollectionViewCell */ = {
			isa = PBXGroup;
			children = (
				0DD0037C20E2305900CB6B5D /* BaseCollectionViewCell.h */,
				0DD0037D20E2305900CB6B5D /* BaseCollectionViewCell.m */,
				0DD0037E20E2305900CB6B5D /* BaseCollectionViewProtocol.h */,
			);
			path = BaseCollectionViewCell;
			sourceTree = "<group>";
		};
		0DD0037F20E2305900CB6B5D /* BaseController */ = {
			isa = PBXGroup;
			children = (
				0D056D2120E4902600953C86 /* BaseNavController */,
				0DD0038C20E2305A00CB6B5D /* BaseTabbarController */,
				0DD0039820E2309900CB6B5D /* BaseWebController */,
				0DD0038020E2305900CB6B5D /* BaseControllerProtocol.h */,
				0DD0038120E2305900CB6B5D /* BaseViewController.h */,
				0DD0038220E2305900CB6B5D /* BaseViewController.m */,
				0D24275620E3342F0040FE23 /* BaseTableController.h */,
				0D24275720E3342F0040FE23 /* BaseTableController.m */,
				0DD0038320E2305900CB6B5D /* Widget */,
			);
			path = BaseController;
			sourceTree = "<group>";
		};
		0DD0038320E2305900CB6B5D /* Widget */ = {
			isa = PBXGroup;
			children = (
				0DD0038420E2305900CB6B5D /* MBProgressHUD+Toast.h */,
				0DD0038520E2305900CB6B5D /* MBProgressHUD+Toast.m */,
				0DD0038620E2305900CB6B5D /* MBProgressHUD.h */,
				0DD0038720E2305900CB6B5D /* MBProgressHUD.m */,
			);
			path = Widget;
			sourceTree = "<group>";
		};
		0DD0038820E2305A00CB6B5D /* BaseTableCell */ = {
			isa = PBXGroup;
			children = (
				0DD0038920E2305A00CB6B5D /* BaseTableCellProtocol.h */,
				0DD0038A20E2305A00CB6B5D /* BaseTableViewCell.h */,
				0DD0038B20E2305A00CB6B5D /* BaseTableViewCell.m */,
			);
			path = BaseTableCell;
			sourceTree = "<group>";
		};
		0DD0038C20E2305A00CB6B5D /* BaseTabbarController */ = {
			isa = PBXGroup;
			children = (
				0DD0038D20E2305A00CB6B5D /* BaseTabBar.h */,
				0DD0038E20E2305A00CB6B5D /* BaseTabBar.m */,
				0DD0038F20E2305A00CB6B5D /* BaseTabBarController.h */,
				0DD0039020E2305A00CB6B5D /* BaseTabBarController.m */,
			);
			path = BaseTabbarController;
			sourceTree = "<group>";
		};
		0DD0039820E2309900CB6B5D /* BaseWebController */ = {
			isa = PBXGroup;
			children = (
				0DD0039920E230C200CB6B5D /* BaseWebController.h */,
				0DD0039A20E230C200CB6B5D /* BaseWebController.m */,
			);
			path = BaseWebController;
			sourceTree = "<group>";
		};
		0DD0039C20E2335200CB6B5D /* Widget */ = {
			isa = PBXGroup;
			children = (
				0DD0039D20E2336300CB6B5D /* EmptyView */,
			);
			path = Widget;
			sourceTree = "<group>";
		};
		0DD0039D20E2336300CB6B5D /* EmptyView */ = {
			isa = PBXGroup;
			children = (
				0DD0039E20E2337C00CB6B5D /* PlaceholderView.h */,
				0DD0039F20E2337D00CB6B5D /* PlaceholderView.m */,
			);
			path = EmptyView;
			sourceTree = "<group>";
		};
		0DD003A120E2339800CB6B5D /* HttpService */ = {
			isa = PBXGroup;
			children = (
				0DD003A220E233B900CB6B5D /* NetWork */,
			);
			path = HttpService;
			sourceTree = "<group>";
		};
		0DD003A220E233B900CB6B5D /* NetWork */ = {
			isa = PBXGroup;
			children = (
				0DD003A320E233B900CB6B5D /* BaseRequest */,
				0DD003A820E233B900CB6B5D /* BaseResponse.h */,
				0DD003A920E233B900CB6B5D /* BaseResponse.m */,
				0DD003AA20E233B900CB6B5D /* BaseUrlArgumentsFilter.h */,
				0DD003AB20E233B900CB6B5D /* BaseUrlArgumentsFilter.m */,
				0DD003AC20E233B900CB6B5D /* MacrosNetWork.h */,
				0DD003AD20E233B900CB6B5D /* RACNetWork.h */,
				0DD003AE20E233B900CB6B5D /* RACNetWork.m */,
				0DD003AF20E233B900CB6B5D /* RequestTool.h */,
				0DD003B020E233B900CB6B5D /* RequestTool.m */,
			);
			path = NetWork;
			sourceTree = "<group>";
		};
		0DD003A320E233B900CB6B5D /* BaseRequest */ = {
			isa = PBXGroup;
			children = (
				0DD003A420E233B900CB6B5D /* BaseRequest.h */,
				0DD003A520E233B900CB6B5D /* BaseRequest.m */,
				0DD003A620E233B900CB6B5D /* BaseUploadRequest.h */,
				0DD003A720E233B900CB6B5D /* BaseUploadRequest.m */,
			);
			path = BaseRequest;
			sourceTree = "<group>";
		};
		0DD003B720E241B500CB6B5D /* ViewController_Category */ = {
			isa = PBXGroup;
			children = (
				0DD003B820E241D600CB6B5D /* UIViewController+Toast.h */,
				0DD003B920E241D600CB6B5D /* UIViewController+Toast.m */,
			);
			path = ViewController_Category;
			sourceTree = "<group>";
		};
		0DF4187A20C93CC9004A8E11 /* UIImage_Category */ = {
			isa = PBXGroup;
			children = (
				0DF4187E20C93CFF004A8E11 /* UIImage+CompressImage.h */,
				0DF4187F20C93CFF004A8E11 /* UIImage+CompressImage.m */,
				0D53F41220E0FAAD00B07B50 /* UIImage+Tool.h */,
				0D53F41320E0FAAD00B07B50 /* UIImage+Tool.m */,
			);
			path = UIImage_Category;
			sourceTree = "<group>";
		};
		0DFABE2920A59B7200876945 = {
			isa = PBXGroup;
			children = (
				0DFABE3420A59B7300876945 /* DYLTool */,
				0DFABE3320A59B7300876945 /* Products */,
				65326D1C7423FAFD9E046747 /* Pods */,
				809E12473584C127C818626C /* Frameworks */,
			);
			sourceTree = "<group>";
		};
		0DFABE3320A59B7300876945 /* Products */ = {
			isa = PBXGroup;
			children = (
				0DFABE3220A59B7300876945 /* DYLTool.app */,
			);
			name = Products;
			sourceTree = "<group>";
		};
		0DFABE3420A59B7300876945 /* DYLTool */ = {
			isa = PBXGroup;
			children = (
				0DD003A120E2339800CB6B5D /* HttpService */,
				0DD0039C20E2335200CB6B5D /* Widget */,
				0DD0037A20E2301000CB6B5D /* Base */,
				0DD0037620E22FCA00CB6B5D /* Resource */,
				0DD0037520E22F8B00CB6B5D /* Categoty */,
				0D0B67CB20CFB5E70008C4EE /* Macros */,
				0D010A4220C78D670083175C /* Utils */,
				0DFABE3520A59B7300876945 /* AppDelegate.h */,
				0DFABE3620A59B7300876945 /* AppDelegate.m */,
				0DFABE3820A59B7300876945 /* ViewController.h */,
				0DFABE3920A59B7300876945 /* ViewController.m */,
				0DFABE3B20A59B7300876945 /* Main.storyboard */,
				0DFABE3E20A59B7300876945 /* Assets.xcassets */,
				0DFABE4020A59B7300876945 /* LaunchScreen.storyboard */,
				0DFABE4320A59B7300876945 /* Info.plist */,
				0DFABE4420A59B7300876945 /* main.m */,
				0D0487B120ECB9FC005BFC65 /* TestSearchController.h */,
				0D0487B220ECB9FC005BFC65 /* TestSearchController.m */,
				0D0487B420ECC1F9005BFC65 /* TestSearchController_1.h */,
				0D0487B520ECC1F9005BFC65 /* TestSearchController_1.m */,
			);
			path = DYLTool;
			sourceTree = "<group>";
		};
		65326D1C7423FAFD9E046747 /* Pods */ = {
			isa = PBXGroup;
			children = (
				450A9B9C6ABBACBDAA863695 /* Pods-DYLTool.debug.xcconfig */,
				4C630DF1747E7739795873CB /* Pods-DYLTool.release.xcconfig */,
			);
			name = Pods;
			sourceTree = "<group>";
		};
		809E12473584C127C818626C /* Frameworks */ = {
			isa = PBXGroup;
			children = (
				C9FB24F52CB7A67865C7B9E3 /* libPods-DYLTool.a */,
				C82D9C664C9AAA1667BE661A /* libPods-NetWorkTool.a */,
			);
			name = Frameworks;
			sourceTree = "<group>";
		};
/* End PBXGroup section */

/* Begin PBXNativeTarget section */
		0DFABE3120A59B7300876945 /* DYLTool */ = {
			isa = PBXNativeTarget;
			buildConfigurationList = 0DFABE4820A59B7300876945 /* Build configuration list for PBXNativeTarget "DYLTool" */;
			buildPhases = (
				8B9729DC68F38D258400B12C /* [CP] Check Pods Manifest.lock */,
				0DFABE2E20A59B7300876945 /* Sources */,
				0DFABE2F20A59B7300876945 /* Frameworks */,
				0DFABE3020A59B7300876945 /* Resources */,
				481760820D32BA845FC6DE71 /* [CP] Embed Pods Frameworks */,
				73CEEEB8F2B4C99166A80A39 /* [CP] Copy Pods Resources */,
			);
			buildRules = (
			);
			dependencies = (
			);
			name = DYLTool;
			productName = DYLTool;
			productReference = 0DFABE3220A59B7300876945 /* DYLTool.app */;
			productType = "com.apple.product-type.application";
		};
/* End PBXNativeTarget section */

/* Begin PBXProject section */
		0DFABE2A20A59B7200876945 /* Project object */ = {
			isa = PBXProject;
			attributes = {
				LastUpgradeCheck = 0920;
				ORGANIZATIONNAME = DYL;
				TargetAttributes = {
					0DFABE3120A59B7300876945 = {
						CreatedOnToolsVersion = 9.2;
						ProvisioningStyle = Automatic;
					};
				};
			};
			buildConfigurationList = 0DFABE2D20A59B7200876945 /* Build configuration list for PBXProject "DYLTool" */;
			compatibilityVersion = "Xcode 8.0";
			developmentRegion = en;
			hasScannedForEncodings = 0;
			knownRegions = (
				en,
				Base,
			);
			mainGroup = 0DFABE2920A59B7200876945;
			productRefGroup = 0DFABE3320A59B7300876945 /* Products */;
			projectDirPath = "";
			projectRoot = "";
			targets = (
				0DFABE3120A59B7300876945 /* DYLTool */,
			);
		};
/* End PBXProject section */

/* Begin PBXResourcesBuildPhase section */
		0DFABE3020A59B7300876945 /* Resources */ = {
			isa = PBXResourcesBuildPhase;
			buildActionMask = 2147483647;
			files = (
				0DFABE4220A59B7300876945 /* LaunchScreen.storyboard in Resources */,
				0DFABE3F20A59B7300876945 /* Assets.xcassets in Resources */,
				0DFABE3D20A59B7300876945 /* Main.storyboard in Resources */,
				0DD0037920E22FEE00CB6B5D /* tabbarBkg_5x49@2x.png in Resources */,
			);
			runOnlyForDeploymentPostprocessing = 0;
		};
/* End PBXResourcesBuildPhase section */

/* Begin PBXShellScriptBuildPhase section */
		481760820D32BA845FC6DE71 /* [CP] Embed Pods Frameworks */ = {
			isa = PBXShellScriptBuildPhase;
			buildActionMask = 2147483647;
			files = (
			);
			inputPaths = (
			);
			name = "[CP] Embed Pods Frameworks";
			outputPaths = (
			);
			runOnlyForDeploymentPostprocessing = 0;
			shellPath = /bin/sh;
			shellScript = "\"${SRCROOT}/Pods/Target Support Files/Pods-DYLTool/Pods-DYLTool-frameworks.sh\"\n";
			showEnvVarsInLog = 0;
		};
		73CEEEB8F2B4C99166A80A39 /* [CP] Copy Pods Resources */ = {
			isa = PBXShellScriptBuildPhase;
			buildActionMask = 2147483647;
			files = (
			);
			inputPaths = (
				"${SRCROOT}/Pods/Target Support Files/Pods-DYLTool/Pods-DYLTool-resources.sh",
				"${PODS_ROOT}/MJRefresh/MJRefresh/MJRefresh.bundle",
			);
			name = "[CP] Copy Pods Resources";
			outputPaths = (
				"${TARGET_BUILD_DIR}/${UNLOCALIZED_RESOURCES_FOLDER_PATH}/MJRefresh.bundle",
			);
			runOnlyForDeploymentPostprocessing = 0;
			shellPath = /bin/sh;
			shellScript = "\"${SRCROOT}/Pods/Target Support Files/Pods-DYLTool/Pods-DYLTool-resources.sh\"\n";
			showEnvVarsInLog = 0;
		};
		8B9729DC68F38D258400B12C /* [CP] Check Pods Manifest.lock */ = {
			isa = PBXShellScriptBuildPhase;
			buildActionMask = 2147483647;
			files = (
			);
			inputPaths = (
				"${PODS_PODFILE_DIR_PATH}/Podfile.lock",
				"${PODS_ROOT}/Manifest.lock",
			);
			name = "[CP] Check Pods Manifest.lock";
			outputPaths = (
				"$(DERIVED_FILE_DIR)/Pods-DYLTool-checkManifestLockResult.txt",
			);
			runOnlyForDeploymentPostprocessing = 0;
			shellPath = /bin/sh;
			shellScript = "diff \"${PODS_PODFILE_DIR_PATH}/Podfile.lock\" \"${PODS_ROOT}/Manifest.lock\" > /dev/null\nif [ $? != 0 ] ; then\n    # print error to STDERR\n    echo \"error: The sandbox is not in sync with the Podfile.lock. Run 'pod install' or update your CocoaPods installation.\" >&2\n    exit 1\nfi\n# This output is used by Xcode 'outputs' to avoid re-running this script phase.\necho \"SUCCESS\" > \"${SCRIPT_OUTPUT_FILE_0}\"\n";
			showEnvVarsInLog = 0;
		};
/* End PBXShellScriptBuildPhase section */

/* Begin PBXSourcesBuildPhase section */
		0DFABE2E20A59B7300876945 /* Sources */ = {
			isa = PBXSourcesBuildPhase;
			buildActionMask = 2147483647;
			files = (
				0D24275B20E375E40040FE23 /* KRouter.m in Sources */,
				0D0487B620ECC1F9005BFC65 /* TestSearchController_1.m in Sources */,
				0D04E77420BD0C870040C4AF /* UIFont+fontSize.m in Sources */,
				0DFABE3A20A59B7300876945 /* ViewController.m in Sources */,
				0DD0036C20E218BB00CB6B5D /* UITextView+MaxLength.m in Sources */,
				0D24275F20E376C20040FE23 /* BaseViewModel.m in Sources */,
				0D04E77020BD0A8B0040C4AF /* NSString+base64.m in Sources */,
				0DD003B120E233B900CB6B5D /* BaseRequest.m in Sources */,
				0DD0039320E2305A00CB6B5D /* MBProgressHUD+Toast.m in Sources */,
				0D24275820E3342F0040FE23 /* BaseTableController.m in Sources */,
				0DD003A020E2337D00CB6B5D /* PlaceholderView.m in Sources */,
				0D1959F020E9C798009237A9 /* MacrosConstant.m in Sources */,
				0DD003B420E233B900CB6B5D /* BaseUrlArgumentsFilter.m in Sources */,
				0D03885420D9F338000FFCBF /* KSaveHelper.m in Sources */,
				0DD0039220E2305A00CB6B5D /* BaseViewController.m in Sources */,
				0D0487B320ECB9FC005BFC65 /* TestSearchController.m in Sources */,
				0DD0039420E2305A00CB6B5D /* MBProgressHUD.m in Sources */,
				0D17F67320B808160082D67D /* NSString+DisplayTime.m in Sources */,
				0DD0036220E1EBBB00CB6B5D /* UIScrollView+Refresh.m in Sources */,
				0DFABE4520A59B7300876945 /* main.m in Sources */,
				0D0487AA20EC9D6F005BFC65 /* BaseNavigationControllerStack.m in Sources */,
				0DD003B620E233B900CB6B5D /* RequestTool.m in Sources */,
				0DD0035F20E1D68B00CB6B5D /* UIBarButtonItem+Extension.m in Sources */,
				0DD003B520E233B900CB6B5D /* RACNetWork.m in Sources */,
				0D17F68620B80DAD0082D67D /* UIView+Frame.m in Sources */,
				0DD0039120E2305A00CB6B5D /* BaseCollectionViewCell.m in Sources */,
				0DD0039620E2305A00CB6B5D /* BaseTabBar.m in Sources */,
				0DD003BA20E241D600CB6B5D /* UIViewController+Toast.m in Sources */,
				0DD003B220E233B900CB6B5D /* BaseUploadRequest.m in Sources */,
				0D17F67620B8091C0082D67D /* NSMutableString+Category.m in Sources */,
				0D17F66A20B7FC0E0082D67D /* NSString+Tools.m in Sources */,
				0D056D2720E4C4DB00953C86 /* BaseTableViewModel.m in Sources */,
				0DD0036520E210BF00CB6B5D /* UITableView+Extension.m in Sources */,
				0D17F66D20B804170082D67D /* NSString+Predicate.m in Sources */,
				0DD0039720E2305A00CB6B5D /* BaseTabBarController.m in Sources */,
				0D0487AF20ECA1EE005BFC65 /* BaseViewModelServiceImpl.m in Sources */,
				0D17F66720B7F5870082D67D /* NSString+MD5.m in Sources */,
				0D17F67020B807870082D67D /* NSString+Safe.m in Sources */,
				0DD0039B20E230C200CB6B5D /* BaseWebController.m in Sources */,
				0DD0036820E2130300CB6B5D /* UITextField+MaxLength.m in Sources */,
				0D056D2420E4904B00953C86 /* BaseNavController.m in Sources */,
				0DF4188020C93CFF004A8E11 /* UIImage+CompressImage.m in Sources */,
				0D53F40620E0D6DB00B07B50 /* UIImageView+LoadImg.m in Sources */,
				0DFABE3720A59B7300876945 /* AppDelegate.m in Sources */,
				0D53F41420E0FAAD00B07B50 /* UIImage+Tool.m in Sources */,
				0DD0039520E2305A00CB6B5D /* BaseTableViewCell.m in Sources */,
				0D17F68220B80C0E0082D67D /* UIColor+Category.m in Sources */,
				0DD003B320E233B900CB6B5D /* BaseResponse.m in Sources */,
				0D010A4520C78DEA0083175C /* KFileManager.m in Sources */,
				0D53F41120E0F58600B07B50 /* NSDateFormatter+Extension.m in Sources */,
				0DEE546120CA942C00749A2C /* UIView+CurrentViewController.m in Sources */,
				0D03885820DA29E8000FFCBF /* UIButton+CountDown.m in Sources */,
			);
			runOnlyForDeploymentPostprocessing = 0;
		};
/* End PBXSourcesBuildPhase section */

/* Begin PBXVariantGroup section */
		0DFABE3B20A59B7300876945 /* Main.storyboard */ = {
			isa = PBXVariantGroup;
			children = (
				0DFABE3C20A59B7300876945 /* Base */,
			);
			name = Main.storyboard;
			sourceTree = "<group>";
		};
		0DFABE4020A59B7300876945 /* LaunchScreen.storyboard */ = {
			isa = PBXVariantGroup;
			children = (
				0DFABE4120A59B7300876945 /* Base */,
			);
			name = LaunchScreen.storyboard;
			sourceTree = "<group>";
		};
/* End PBXVariantGroup section */

/* Begin XCBuildConfiguration section */
		0DFABE4620A59B7300876945 /* Debug */ = {
			isa = XCBuildConfiguration;
			buildSettings = {
				ALWAYS_SEARCH_USER_PATHS = NO;
				CLANG_ANALYZER_NONNULL = YES;
				CLANG_ANALYZER_NUMBER_OBJECT_CONVERSION = YES_AGGRESSIVE;
				CLANG_CXX_LANGUAGE_STANDARD = "gnu++14";
				CLANG_CXX_LIBRARY = "libc++";
				CLANG_ENABLE_MODULES = YES;
				CLANG_ENABLE_OBJC_ARC = YES;
				CLANG_WARN_BLOCK_CAPTURE_AUTORELEASING = YES;
				CLANG_WARN_BOOL_CONVERSION = YES;
				CLANG_WARN_COMMA = YES;
				CLANG_WARN_CONSTANT_CONVERSION = YES;
				CLANG_WARN_DIRECT_OBJC_ISA_USAGE = YES_ERROR;
				CLANG_WARN_DOCUMENTATION_COMMENTS = YES;
				CLANG_WARN_EMPTY_BODY = YES;
				CLANG_WARN_ENUM_CONVERSION = YES;
				CLANG_WARN_INFINITE_RECURSION = YES;
				CLANG_WARN_INT_CONVERSION = YES;
				CLANG_WARN_NON_LITERAL_NULL_CONVERSION = YES;
				CLANG_WARN_OBJC_LITERAL_CONVERSION = YES;
				CLANG_WARN_OBJC_ROOT_CLASS = YES_ERROR;
				CLANG_WARN_RANGE_LOOP_ANALYSIS = YES;
				CLANG_WARN_STRICT_PROTOTYPES = YES;
				CLANG_WARN_SUSPICIOUS_MOVE = YES;
				CLANG_WARN_UNGUARDED_AVAILABILITY = YES_AGGRESSIVE;
				CLANG_WARN_UNREACHABLE_CODE = YES;
				CLANG_WARN__DUPLICATE_METHOD_MATCH = YES;
				CODE_SIGN_IDENTITY = "iPhone Developer";
				COPY_PHASE_STRIP = NO;
				DEBUG_INFORMATION_FORMAT = dwarf;
				ENABLE_STRICT_OBJC_MSGSEND = YES;
				ENABLE_TESTABILITY = YES;
				GCC_C_LANGUAGE_STANDARD = gnu11;
				GCC_DYNAMIC_NO_PIC = NO;
				GCC_NO_COMMON_BLOCKS = YES;
				GCC_OPTIMIZATION_LEVEL = 0;
				GCC_PREPROCESSOR_DEFINITIONS = (
					"DEBUG=1",
					"$(inherited)",
				);
				GCC_WARN_64_TO_32_BIT_CONVERSION = YES;
				GCC_WARN_ABOUT_RETURN_TYPE = YES_ERROR;
				GCC_WARN_UNDECLARED_SELECTOR = YES;
				GCC_WARN_UNINITIALIZED_AUTOS = YES_AGGRESSIVE;
				GCC_WARN_UNUSED_FUNCTION = YES;
				GCC_WARN_UNUSED_VARIABLE = YES;
				IPHONEOS_DEPLOYMENT_TARGET = 11.2;
				MTL_ENABLE_DEBUG_INFO = YES;
				ONLY_ACTIVE_ARCH = YES;
				SDKROOT = iphoneos;
			};
			name = Debug;
		};
		0DFABE4720A59B7300876945 /* Release */ = {
			isa = XCBuildConfiguration;
			buildSettings = {
				ALWAYS_SEARCH_USER_PATHS = NO;
				CLANG_ANALYZER_NONNULL = YES;
				CLANG_ANALYZER_NUMBER_OBJECT_CONVERSION = YES_AGGRESSIVE;
				CLANG_CXX_LANGUAGE_STANDARD = "gnu++14";
				CLANG_CXX_LIBRARY = "libc++";
				CLANG_ENABLE_MODULES = YES;
				CLANG_ENABLE_OBJC_ARC = YES;
				CLANG_WARN_BLOCK_CAPTURE_AUTORELEASING = YES;
				CLANG_WARN_BOOL_CONVERSION = YES;
				CLANG_WARN_COMMA = YES;
				CLANG_WARN_CONSTANT_CONVERSION = YES;
				CLANG_WARN_DIRECT_OBJC_ISA_USAGE = YES_ERROR;
				CLANG_WARN_DOCUMENTATION_COMMENTS = YES;
				CLANG_WARN_EMPTY_BODY = YES;
				CLANG_WARN_ENUM_CONVERSION = YES;
				CLANG_WARN_INFINITE_RECURSION = YES;
				CLANG_WARN_INT_CONVERSION = YES;
				CLANG_WARN_NON_LITERAL_NULL_CONVERSION = YES;
				CLANG_WARN_OBJC_LITERAL_CONVERSION = YES;
				CLANG_WARN_OBJC_ROOT_CLASS = YES_ERROR;
				CLANG_WARN_RANGE_LOOP_ANALYSIS = YES;
				CLANG_WARN_STRICT_PROTOTYPES = YES;
				CLANG_WARN_SUSPICIOUS_MOVE = YES;
				CLANG_WARN_UNGUARDED_AVAILABILITY = YES_AGGRESSIVE;
				CLANG_WARN_UNREACHABLE_CODE = YES;
				CLANG_WARN__DUPLICATE_METHOD_MATCH = YES;
				CODE_SIGN_IDENTITY = "iPhone Developer";
				COPY_PHASE_STRIP = NO;
				DEBUG_INFORMATION_FORMAT = "dwarf-with-dsym";
				ENABLE_NS_ASSERTIONS = NO;
				ENABLE_STRICT_OBJC_MSGSEND = YES;
				GCC_C_LANGUAGE_STANDARD = gnu11;
				GCC_NO_COMMON_BLOCKS = YES;
				GCC_WARN_64_TO_32_BIT_CONVERSION = YES;
				GCC_WARN_ABOUT_RETURN_TYPE = YES_ERROR;
				GCC_WARN_UNDECLARED_SELECTOR = YES;
				GCC_WARN_UNINITIALIZED_AUTOS = YES_AGGRESSIVE;
				GCC_WARN_UNUSED_FUNCTION = YES;
				GCC_WARN_UNUSED_VARIABLE = YES;
				IPHONEOS_DEPLOYMENT_TARGET = 11.2;
				MTL_ENABLE_DEBUG_INFO = NO;
				SDKROOT = iphoneos;
				VALIDATE_PRODUCT = YES;
			};
			name = Release;
		};
		0DFABE4920A59B7300876945 /* Debug */ = {
			isa = XCBuildConfiguration;
			baseConfigurationReference = 450A9B9C6ABBACBDAA863695 /* Pods-DYLTool.debug.xcconfig */;
			buildSettings = {
				ASSETCATALOG_COMPILER_APPICON_NAME = AppIcon;
				CODE_SIGN_STYLE = Automatic;
				DEVELOPMENT_TEAM = PRF43DAUH7;
				INFOPLIST_FILE = DYLTool/Info.plist;
				IPHONEOS_DEPLOYMENT_TARGET = 8.0;
				LD_RUNPATH_SEARCH_PATHS = "$(inherited) @executable_path/Frameworks";
				PRODUCT_BUNDLE_IDENTIFIER = com.dyl.tool.DYLTool;
				PRODUCT_NAME = "$(TARGET_NAME)";
				TARGETED_DEVICE_FAMILY = "1,2";
			};
			name = Debug;
		};
		0DFABE4A20A59B7300876945 /* Release */ = {
			isa = XCBuildConfiguration;
			baseConfigurationReference = 4C630DF1747E7739795873CB /* Pods-DYLTool.release.xcconfig */;
			buildSettings = {
				ASSETCATALOG_COMPILER_APPICON_NAME = AppIcon;
				CODE_SIGN_STYLE = Automatic;
				DEVELOPMENT_TEAM = PRF43DAUH7;
				INFOPLIST_FILE = DYLTool/Info.plist;
				IPHONEOS_DEPLOYMENT_TARGET = 8.0;
				LD_RUNPATH_SEARCH_PATHS = "$(inherited) @executable_path/Frameworks";
				PRODUCT_BUNDLE_IDENTIFIER = com.dyl.tool.DYLTool;
				PRODUCT_NAME = "$(TARGET_NAME)";
				TARGETED_DEVICE_FAMILY = "1,2";
			};
			name = Release;
		};
/* End XCBuildConfiguration section */

/* Begin XCConfigurationList section */
		0DFABE2D20A59B7200876945 /* Build configuration list for PBXProject "DYLTool" */ = {
			isa = XCConfigurationList;
			buildConfigurations = (
				0DFABE4620A59B7300876945 /* Debug */,
				0DFABE4720A59B7300876945 /* Release */,
			);
			defaultConfigurationIsVisible = 0;
			defaultConfigurationName = Release;
		};
		0DFABE4820A59B7300876945 /* Build configuration list for PBXNativeTarget "DYLTool" */ = {
			isa = XCConfigurationList;
			buildConfigurations = (
				0DFABE4920A59B7300876945 /* Debug */,
				0DFABE4A20A59B7300876945 /* Release */,
			);
			defaultConfigurationIsVisible = 0;
			defaultConfigurationName = Release;
		};
/* End XCConfigurationList section */
	};
	rootObject = 0DFABE2A20A59B7200876945 /* Project object */;
}
